
Microsoft Visual Studio Solution File, Format Version 12.00
# Visual Studio Version 17
VisualStudioVersion = 17.0.31903.59
MinimumVisualStudioVersion = 10.0.40219.1
Project("{2150E333-8FDC-42A3-9474-1A3956D46DE8}") = "src", "src", "{DDE11E75-1220-4986-A23E-BBD592797957}"
EndProject
Project("{FAE04EC0-301F-11D3-BF4B-00C04F79EFBC}") = "process-data", "src\process-data\process-data.csproj", "{2EB68FD3-3443-4BFD-8DF3-6A2431671F54}"
EndProject
Project("{2150E333-8FDC-42A3-9474-1A3956D46DE8}") = "test", "test", "{47067A78-25CC-4ED3-A5FA-8D1EBA33FE80}"
EndProject
Project("{FAE04EC0-301F-11D3-BF4B-00C04F79EFBC}") = "process-data.Tests", "test\process-data.Tests\process-data.Tests.csproj", "{A2D293C0-2A1F-438E-B66C-0A63875B2098}"
EndProject
Global
	GlobalSection(SolutionConfigurationPlatforms) = preSolution
		Debug|Any CPU = Debug|Any CPU
		Release|Any CPU = Release|Any CPU
	EndGlobalSection
	GlobalSection(SolutionProperties) = preSolution
		HideSolutionNode = FALSE
	EndGlobalSection
	GlobalSection(ProjectConfigurationPlatforms) = postSolution
		{2EB68FD3-3443-4BFD-8DF3-6A2431671F54}.Debug|Any CPU.ActiveCfg = Debug|Any CPU
		{2EB68FD3-3443-4BFD-8DF3-6A2431671F54}.Debug|Any CPU.Build.0 = Debug|Any CPU
		{2EB68FD3-3443-4BFD-8DF3-6A2431671F54}.Release|Any CPU.ActiveCfg = Release|Any CPU
		{2EB68FD3-3443-4BFD-8DF3-6A2431671F54}.Release|Any CPU.Build.0 = Release|Any CPU
		{A2D293C0-2A1F-438E-B66C-0A63875B2098}.Debug|Any CPU.ActiveCfg = Debug|Any CPU
		{A2D293C0-2A1F-438E-B66C-0A63875B2098}.Debug|Any CPU.Build.0 = Debug|Any CPU
		{A2D293C0-2A1F-438E-B66C-0A63875B2098}.Release|Any CPU.ActiveCfg = Release|Any CPU
		{A2D293C0-2A1F-438E-B66C-0A63875B2098}.Release|Any CPU.Build.0 = Release|Any CPU
	EndGlobalSection
	GlobalSection(NestedProjects) = preSolution
		{2EB68FD3-3443-4BFD-8DF3-6A2431671F54} = {DDE11E75-1220-4986-A23E-BBD592797957}
		{A2D293C0-2A1F-438E-B66C-0A63875B2098} = {47067A78-25CC-4ED3-A5FA-8D1EBA33FE80}
	EndGlobalSection
EndGlobal
