
Microsoft Visual Studio Solution File, Format Version 12.00
# Visual Studio Version 17
VisualStudioVersion = 17.0.31903.59
MinimumVisualStudioVersion = 10.0.40219.1
Project("{2150E333-8FDC-42A3-9474-1A3956D46DE8}") = "src", "src", "{B86DB316-6D6A-4865-B4CE-D3D719D5C216}"
EndProject
Project("{FAE04EC0-301F-11D3-BF4B-00C04F79EFBC}") = "Lambda", "src\Lambda\Lambda.csproj", "{07420B0E-3CB8-40F5-9219-08E26D52E6B1}"
EndProject
Global
	GlobalSection(SolutionConfigurationPlatforms) = preSolution
		Debug|Any CPU = Debug|Any CPU
		Release|Any CPU = Release|Any CPU
	EndGlobalSection
	GlobalSection(SolutionProperties) = preSolution
		HideSolutionNode = FALSE
	EndGlobalSection
	GlobalSection(ProjectConfigurationPlatforms) = postSolution
		{07420B0E-3CB8-40F5-9219-08E26D52E6B1}.Debug|Any CPU.ActiveCfg = Debug|Any CPU
		{07420B0E-3CB8-40F5-9219-08E26D52E6B1}.Debug|Any CPU.Build.0 = Debug|Any CPU
		{07420B0E-3CB8-40F5-9219-08E26D52E6B1}.Release|Any CPU.ActiveCfg = Release|Any CPU
		{07420B0E-3CB8-40F5-9219-08E26D52E6B1}.Release|Any CPU.Build.0 = Release|Any CPU
	EndGlobalSection
	GlobalSection(NestedProjects) = preSolution
		{07420B0E-3CB8-40F5-9219-08E26D52E6B1} = {B86DB316-6D6A-4865-B4CE-D3D719D5C216}
	EndGlobalSection
EndGlobal
